
Microsoft Visual Studio Solution File, Format Version 12.00
# Visual Studio Version 17
VisualStudioVersion = 17.7.34031.279
MinimumVisualStudioVersion = 10.0.40219.1
Project("{8BC9CEB8-8B4A-11D0-8D11-00A0C91BC942}") = "lr proga3", "lr proga3\lr proga3.vcxproj", "{DFB25F9A-D516-4BC6-9005-4A2E10D6404C}"
EndProject
Global
	GlobalSection(SolutionConfigurationPlatforms) = preSolution
		Debug|x64 = Debug|x64
		Debug|x86 = Debug|x86
		Release|x64 = Release|x64
		Release|x86 = Release|x86
	EndGlobalSection
	GlobalSection(ProjectConfigurationPlatforms) = postSolution
		{DFB25F9A-D516-4BC6-9005-4A2E10D6404C}.Debug|x64.ActiveCfg = Debug|x64
		{DFB25F9A-D516-4BC6-9005-4A2E10D6404C}.Debug|x64.Build.0 = Debug|x64
		{DFB25F9A-D516-4BC6-9005-4A2E10D6404C}.Debug|x86.ActiveCfg = Debug|Win32
		{DFB25F9A-D516-4BC6-9005-4A2E10D6404C}.Debug|x86.Build.0 = Debug|Win32
		{DFB25F9A-D516-4BC6-9005-4A2E10D6404C}.Release|x64.ActiveCfg = Release|x64
		{DFB25F9A-D516-4BC6-9005-4A2E10D6404C}.Release|x64.Build.0 = Release|x64
		{DFB25F9A-D516-4BC6-9005-4A2E10D6404C}.Release|x86.ActiveCfg = Release|Win32
		{DFB25F9A-D516-4BC6-9005-4A2E10D6404C}.Release|x86.Build.0 = Release|Win32
	EndGlobalSection
	GlobalSection(SolutionProperties) = preSolution
		HideSolutionNode = FALSE
	EndGlobalSection
	GlobalSection(ExtensibilityGlobals) = postSolution
		SolutionGuid = {CA35E5FD-A1C7-4B8B-9FB3-6CF3DB6CE8AD}
	EndGlobalSection
EndGlobal
